<?xml version="1.0" encoding="utf-8"?>
<Project ToolsVersion="4.0" xmlns="http://schemas.microsoft.com/developer/msbuild/2003">
  <ItemGroup>
    <Filter Include="Fichiers sources">
      <UniqueIdentifier>{4FC737F1-C7A5-4376-A066-2A32D752A2FF}</UniqueIdentifier>
      <Extensions>cpp;c;cc;cxx;c++;cppm;ixx;def;odl;idl;hpj;bat;asm;asmx</Extensions>
    </Filter>
    <Filter Include="Fichiers d%27en-tête">
      <UniqueIdentifier>{93995380-89BD-4b04-88EB-625FBE52EBFB}</UniqueIdentifier>
      <Extensions>h;hh;hpp;hxx;h++;hm;inl;inc;ipp;xsd</Extensions>
    </Filter>
    <Filter Include="Fichiers de ressources">
      <UniqueIdentifier>{67DA6AB6-F800-4c08-8B7A-83BB121AAD01}</UniqueIdentifier>
      <Extensions>rc;ico;cur;bmp;dlg;rc2;rct;bin;rgs;gif;jpg;jpeg;jpe;resx;tiff;tif;png;wav;mfcribbon-ms</Extensions>
    </Filter>
    <Filter Include="Fichiers d%27en-tête\CPaquet">
      <UniqueIdentifier>{95282a87-a383-4b4a-9e9a-c0ec93f833b8}</UniqueIdentifier>
    </Filter>
    <Filter Include="Fichiers d%27en-tête\CPaquet\PaquetDecorateur">
      <UniqueIdentifier>{4dd34053-02aa-4baa-9920-fcb180933e51}</UniqueIdentifier>
    </Filter>
    <Filter Include="Fichiers sources\Regles">
      <UniqueIdentifier>{4e1de1f7-050a-4234-8c28-89b87c1b9bae}</UniqueIdentifier>
    </Filter>
    <Filter Include="Fichiers sources\Joueurs">
      <UniqueIdentifier>{14fa5913-7984-40e9-8148-a0569c7d4306}</UniqueIdentifier>
    </Filter>
    <Filter Include="Fichiers d%27en-tête\Regles">
      <UniqueIdentifier>{c60d6c2f-03cf-4adc-8256-cef1eedd213d}</UniqueIdentifier>
    </Filter>
    <Filter Include="Fichiers d%27en-tête\Joueurs">
      <UniqueIdentifier>{c9a9abe9-d356-4042-a48a-0aeefd0c39a5}</UniqueIdentifier>
    </Filter>
  </ItemGroup>
  <ItemGroup>
    <ClCompile Include="main.cpp">
      <Filter>Fichiers sources</Filter>
    </ClCompile>
    <ClCompile Include="CJeu.cpp">
      <Filter>Fichiers sources</Filter>
    </ClCompile>
    <ClCompile Include="CPaquetBase.cpp">
      <Filter>Fichiers sources</Filter>
    </ClCompile>
    <ClCompile Include="CPaquetDecorateurMainJoueur.h">
      <Filter>Fichiers d%27en-tête\CPaquet\PaquetDecorateur</Filter>
    </ClCompile>
    <ClCompile Include="CRegleDameDePique.cpp">
      <Filter>Fichiers sources\Regles</Filter>
    </ClCompile>
    <ClCompile Include="CJoueur.cpp">
      <Filter>Fichiers sources\Joueurs</Filter>
    </ClCompile>
    <ClCompile Include="CEquipe.cpp">
      <Filter>Fichiers sources\Joueurs</Filter>
    </ClCompile>
    <ClCompile Include="CHumain.cpp">
      <Filter>Fichiers sources\Joueurs</Filter>
    </ClCompile>
    <ClCompile Include="Cia.cpp">
      <Filter>Fichiers sources\Joueurs</Filter>
    </ClCompile>
    <ClCompile Include="CConsole.cpp">
      <Filter>Fichiers sources</Filter>
    </ClCompile>
  </ItemGroup>
  <ItemGroup>
    <ClInclude Include="CCarte.h">
      <Filter>Fichiers d%27en-tête</Filter>
    </ClInclude>
    <ClInclude Include="CConsole.h">
      <Filter>Fichiers d%27en-tête</Filter>
    </ClInclude>
    <ClInclude Include="CFichier.h">
      <Filter>Fichiers d%27en-tête</Filter>
    </ClInclude>
    <ClInclude Include="CPaquet.h">
      <Filter>Fichiers d%27en-tête\CPaquet</Filter>
    </ClInclude>
    <ClInclude Include="CPaquetBase.h">
      <Filter>Fichiers d%27en-tête\CPaquet</Filter>
    </ClInclude>
    <ClInclude Include="CPaquetDecorateur.h">
      <Filter>Fichiers d%27en-tête\CPaquet\PaquetDecorateur</Filter>
    </ClInclude>
    <ClInclude Include="CPaquetDecorateurJeu32.h">
      <Filter>Fichiers d%27en-tête\CPaquet\PaquetDecorateur</Filter>
    </ClInclude>
    <ClInclude Include="CPaquetDecorateurAjouterJoker.h">
      <Filter>Fichiers d%27en-tête\CPaquet\PaquetDecorateur</Filter>
    </ClInclude>
    <ClInclude Include="CPaquetDecorateurJeu52.h">
      <Filter>Fichiers d%27en-tête\CPaquet\PaquetDecorateur</Filter>
    </ClInclude>
    <ClInclude Include="CPaquetDecorateurTarot.h">
      <Filter>Fichiers d%27en-tête\CPaquet\PaquetDecorateur</Filter>
    </ClInclude>
    <ClInclude Include="CPaquetManager.h">
      <Filter>Fichiers d%27en-tête\CPaquet</Filter>
    </ClInclude>
    <ClInclude Include="CRegleDameDePique.h">
      <Filter>Fichiers d%27en-tête\Regles</Filter>
    </ClInclude>
    <ClInclude Include="CRegle.h">
      <Filter>Fichiers d%27en-tête\Regles</Filter>
    </ClInclude>
    <ClInclude Include="Cia.h">
      <Filter>Fichiers d%27en-tête\Joueurs</Filter>
    </ClInclude>
    <ClInclude Include="CJeu.h">
      <Filter>Fichiers d%27en-tête</Filter>
    </ClInclude>
    <ClInclude Include="CHumain.h">
      <Filter>Fichiers d%27en-tête\Joueurs</Filter>
    </ClInclude>
    <ClInclude Include="CJoueur.h">
      <Filter>Fichiers d%27en-tête\Joueurs</Filter>
    </ClInclude>
    <ClInclude Include="CEquipe.h">
      <Filter>Fichiers d%27en-tête\Joueurs</Filter>
    </ClInclude>
  </ItemGroup>
</Project>